<?xml version="1.0" encoding="utf-8"?>
<Project ToolsVersion="4.0" xmlns="http://schemas.microsoft.com/developer/msbuild/2003">
  <ItemGroup>
    <Filter Include="Source Files">
      <UniqueIdentifier>{4FC737F1-C7A5-4376-A066-2A32D752A2FF}</UniqueIdentifier>
      <Extensions>cpp;c;cc;cxx;def;odl;idl;hpj;bat;asm;asmx</Extensions>
    </Filter>
    <Filter Include="Header Files">
      <UniqueIdentifier>{93995380-89BD-4b04-88EB-625FBE52EBFB}</UniqueIdentifier>
      <Extensions>h;hh;hpp;hxx;hm;inl;inc;xsd</Extensions>
    </Filter>
    <Filter Include="Resource Files">
      <UniqueIdentifier>{67DA6AB6-F800-4c08-8B7A-83BB121AAD01}</UniqueIdentifier>
      <Extensions>rc;ico;cur;bmp;dlg;rc2;rct;bin;rgs;gif;jpg;jpeg;jpe;resx;tiff;tif;png;wav;mfcribbon-ms</Extensions>
    </Filter>
  </ItemGroup>
  <ItemGroup>
    <ClInclude Include="Algorithms.h">
      <Filter>Header Files</Filter>
    </ClInclude>
    <ClInclude Include="Cell.h">
      <Filter>Header Files</Filter>
    </ClInclude>
    <ClInclude Include="Date.h">
      <Filter>Header Files</Filter>
    </ClInclude>
    <ClInclude Include="DateTime.h">
      <Filter>Header Files</Filter>
    </ClInclude>
    <ClInclude Include="Dictionary.h">
      <Filter>Header Files</Filter>
    </ClInclude>
    <ClInclude Include="Functionals.h">
      <Filter>Header Files</Filter>
    </ClInclude>
    <ClInclude Include="Matrix.h">
      <Filter>Header Files</Filter>
    </ClInclude>
    <ClInclude Include="MatrixArithmetic.h">
      <Filter>Header Files</Filter>
    </ClInclude>
    <ClInclude Include="MatrixUtils.h">
      <Filter>Header Files</Filter>
    </ClInclude>
    <ClInclude Include="Optionals.h">
      <Filter>Header Files</Filter>
    </ClInclude>
    <ClInclude Include="Platform.h">
      <Filter>Header Files</Filter>
    </ClInclude>
    <ClInclude Include="Exceptions.h">
      <Filter>Header Files</Filter>
    </ClInclude>
    <ClInclude Include="SpecialFunctions.h">
      <Filter>Header Files</Filter>
    </ClInclude>
    <ClInclude Include="Splat.h">
      <Filter>Header Files</Filter>
    </ClInclude>
    <ClInclude Include="Storable.h">
      <Filter>Header Files</Filter>
    </ClInclude>
    <ClInclude Include="Strict.h">
      <Filter>Header Files</Filter>
    </ClInclude>
    <ClInclude Include="Strings.h">
      <Filter>Header Files</Filter>
    </ClInclude>
    <ClInclude Include="Vectors.h">
      <Filter>Header Files</Filter>
    </ClInclude>
    <ClInclude Include="XLCALL.h">
      <Filter>Header Files</Filter>
    </ClInclude>
    <ClInclude Include="File.h">
      <Filter>Header Files</Filter>
    </ClInclude>
    <ClInclude Include="Interp.h">
      <Filter>Header Files</Filter>
    </ClInclude>
    <ClInclude Include="Numerics.h">
      <Filter>Header Files</Filter>
    </ClInclude>
    <ClInclude Include="Environment.h">
      <Filter>Header Files</Filter>
    </ClInclude>
    <ClInclude Include="_Repository.h">
      <Filter>Header Files</Filter>
    </ClInclude>
    <ClInclude Include="CellUtils.h">
      <Filter>Header Files</Filter>
    </ClInclude>
    <ClInclude Include="OptionType.h">
      <Filter>Header Files</Filter>
    </ClInclude>
    <ClInclude Include="SquareMatrix.h">
      <Filter>Header Files</Filter>
    </ClInclude>
    <ClInclude Include="Decompositions.h">
      <Filter>Header Files</Filter>
    </ClInclude>
    <ClInclude Include="Sparse.h">
      <Filter>Header Files</Filter>
    </ClInclude>
    <ClInclude Include="Banded.h">
      <Filter>Header Files</Filter>
    </ClInclude>
    <ClInclude Include="SLAP.h">
      <Filter>Header Files</Filter>
    </ClInclude>
    <ClInclude Include="BCG.h">
      <Filter>Header Files</Filter>
    </ClInclude>
    <ClInclude Include="DecompositionsMisc.h">
      <Filter>Header Files</Filter>
    </ClInclude>
    <ClInclude Include="Archive.h">
      <Filter>Header Files</Filter>
    </ClInclude>
    <ClInclude Include="Bag.h">
      <Filter>Header Files</Filter>
    </ClInclude>
    <ClInclude Include="Box.h">
      <Filter>Header Files</Filter>
    </ClInclude>
    <ClInclude Include="Maps.h">
      <Filter>Header Files</Filter>
    </ClInclude>
    <ClInclude Include="Audit.h">
      <Filter>Header Files</Filter>
    </ClInclude>
    <ClInclude Include="Globals.h">
      <Filter>Header Files</Filter>
    </ClInclude>
    <ClInclude Include="Host.h">
      <Filter>Header Files</Filter>
    </ClInclude>
    <ClInclude Include="InterpCubic.h">
      <Filter>Header Files</Filter>
    </ClInclude>
    <ClInclude Include="Underdetermined.h">
      <Filter>Header Files</Filter>
    </ClInclude>
    <ClInclude Include="UnderdeterminedUtils.h">
      <Filter>Header Files</Filter>
    </ClInclude>
    <ClInclude Include="SparseUtils.h">
      <Filter>Header Files</Filter>
    </ClInclude>
    <ClInclude Include="Quadrature.h">
      <Filter>Header Files</Filter>
    </ClInclude>
    <ClInclude Include="Distribution.h">
      <Filter>Header Files</Filter>
    </ClInclude>
    <ClInclude Include="DistributionUtils.h">
      <Filter>Header Files</Filter>
    </ClInclude>
    <ClInclude Include="DistributionBlack.h">
      <Filter>Header Files</Filter>
    </ClInclude>
    <ClInclude Include="Basket.h">
      <Filter>Header Files</Filter>
    </ClInclude>
    <ClInclude Include="Random.h">
      <Filter>Header Files</Filter>
    </ClInclude>
    <ClInclude Include="QuasiRandom.h">
      <Filter>Header Files</Filter>
    </ClInclude>
    <ClInclude Include="Sobol.h">
      <Filter>Header Files</Filter>
    </ClInclude>
    <ClInclude Include="PDE.h">
      <Filter>Header Files</Filter>
    </ClInclude>
    <ClInclude Include="NDArray.h">
      <Filter>Header Files</Filter>
    </ClInclude>
    <ClInclude Include="AMC.h">
      <Filter>Header Files</Filter>
    </ClInclude>
    <ClInclude Include="DayBasis.h">
      <Filter>Header Files</Filter>
    </ClInclude>
    <ClInclude Include="HolidayData.h">
      <Filter>Header Files</Filter>
    </ClInclude>
    <ClInclude Include="Holiday.h">
      <Filter>Header Files</Filter>
    </ClInclude>
    <ClInclude Include="Facts.h">
      <Filter>Header Files</Filter>
    </ClInclude>
    <ClInclude Include="CurrencyData.h">
      <Filter>Header Files</Filter>
    </ClInclude>
    <ClInclude Include="Currency.h">
      <Filter>Header Files</Filter>
    </ClInclude>
    <ClInclude Include="DateIncrement.h">
      <Filter>Header Files</Filter>
    </ClInclude>
    <ClInclude Include="AccrualPeriod.h">
      <Filter>Header Files</Filter>
    </ClInclude>
    <ClInclude Include="CouponRate.h">
      <Filter>Header Files</Filter>
    </ClInclude>
    <ClInclude Include="Period.h">
      <Filter>Header Files</Filter>
    </ClInclude>
    <ClInclude Include="LegParams.h">
      <Filter>Header Files</Filter>
    </ClInclude>
    <ClInclude Include="LegSchedule.h">
      <Filter>Header Files</Filter>
    </ClInclude>
    <ClInclude Include="IndexParse.h">
      <Filter>Header Files</Filter>
    </ClInclude>
    <ClInclude Include="Fixings.h">
      <Filter>Header Files</Filter>
    </ClInclude>
    <ClInclude Include="Index.h">
      <Filter>Header Files</Filter>
    </ClInclude>
    <ClInclude Include="IndexFx.h">
      <Filter>Header Files</Filter>
    </ClInclude>
    <ClInclude Include="IndexComposite.h">
      <Filter>Header Files</Filter>
    </ClInclude>
    <ClInclude Include="IndexIV.h">
      <Filter>Header Files</Filter>
    </ClInclude>
    <ClInclude Include="Underlying.h">
      <Filter>Header Files</Filter>
    </ClInclude>
    <ClInclude Include="Payment.h">
      <Filter>Header Files</Filter>
    </ClInclude>
    <ClInclude Include="IndexPath.h">
      <Filter>Header Files</Filter>
    </ClInclude>
    <ClInclude Include="Default.h">
      <Filter>Header Files</Filter>
    </ClInclude>
    <ClInclude Include="DefaultModel.h">
      <Filter>Header Files</Filter>
    </ClInclude>
    <ClInclude Include="Credit.h">
      <Filter>Header Files</Filter>
    </ClInclude>
    <ClInclude Include="AssetValue.h">
      <Filter>Header Files</Filter>
    </ClInclude>
    <ClInclude Include="ValueModel.h">
      <Filter>Header Files</Filter>
    </ClInclude>
    <ClInclude Include="BackwardInduction.h">
      <Filter>Header Files</Filter>
    </ClInclude>
    <ClInclude Include="Payout.h">
      <Filter>Header Files</Filter>
    </ClInclude>
    <ClInclude Include="MCPath.h">
      <Filter>Header Files</Filter>
    </ClInclude>
    <ClInclude Include="Step.h">
      <Filter>Header Files</Filter>
    </ClInclude>
    <ClInclude Include="Valuation.h">
      <Filter>Header Files</Filter>
    </ClInclude>
    <ClInclude Include="AssetModel.h">
      <Filter>Header Files</Filter>
    </ClInclude>
    <ClInclude Include="Model.h">
      <Filter>Header Files</Filter>
    </ClInclude>
    <ClInclude Include="ValueHistorical.h">
      <Filter>Header Files</Filter>
    </ClInclude>
    <ClInclude Include="Asset.h">
      <Filter>Header Files</Filter>
    </ClInclude>
    <ClInclude Include="MC.h">
      <Filter>Header Files</Filter>
    </ClInclude>
    <ClInclude Include="Trade.h">
      <Filter>Header Files</Filter>
    </ClInclude>
    <ClInclude Include="CashTrade.h">
      <Filter>Header Files</Filter>
    </ClInclude>
    <ClInclude Include="Flow.h">
      <Filter>Header Files</Filter>
    </ClInclude>
    <ClInclude Include="ValuationMethod.h">
      <Filter>Header Files</Filter>
    </ClInclude>
    <ClInclude Include="PayoutEuropean.h">
      <Filter>Header Files</Filter>
    </ClInclude>
    <ClInclude Include="EquityTrade.h">
      <Filter>Header Files</Filter>
    </ClInclude>
    <ClInclude Include="IndexEquity.h">
      <Filter>Header Files</Filter>
    </ClInclude>
    <ClInclude Include="FxTrade.h">
      <Filter>Header Files</Filter>
    </ClInclude>
    <ClInclude Include="ReceivePay.h">
      <Filter>Header Files</Filter>
    </ClInclude>
    <ClInclude Include="TradeAmount.h">
      <Filter>Header Files</Filter>
    </ClInclude>
    <ClInclude Include="LegBased.h">
      <Filter>Header Files</Filter>
    </ClInclude>
    <ClInclude Include="LegTrade.h">
      <Filter>Header Files</Filter>
    </ClInclude>
    <ClInclude Include="Cap.h">
      <Filter>Header Files</Filter>
    </ClInclude>
    <ClInclude Include="BuySell.h">
      <Filter>Header Files</Filter>
    </ClInclude>
    <ClInclude Include="Swaption.h">
      <Filter>Header Files</Filter>
    </ClInclude>
    <ClInclude Include="TradeComposite.h">
      <Filter>Header Files</Filter>
    </ClInclude>
    <ClInclude Include="PayoutDecorate.h">
      <Filter>Header Files</Filter>
    </ClInclude>
    <ClInclude Include="Boolean.h">
      <Filter>Header Files</Filter>
    </ClInclude>
    <ClInclude Include="PiecewiseLinear.h">
      <Filter>Header Files</Filter>
    </ClInclude>
    <ClInclude Include="PiecewiseConstant.h">
      <Filter>Header Files</Filter>
    </ClInclude>
    <ClInclude Include="IndexIr.h">
      <Filter>Header Files</Filter>
    </ClInclude>
    <ClInclude Include="PeriodLength.h">
      <Filter>Header Files</Filter>
    </ClInclude>
    <ClInclude Include="FundingAdjustment.h">
      <Filter>Header Files</Filter>
    </ClInclude>
    <ClInclude Include="YcImp.h">
      <Filter>Header Files</Filter>
    </ClInclude>
    <ClInclude Include="CollateralType.h">
      <Filter>Header Files</Filter>
    </ClInclude>
    <ClInclude Include="Discount.h">
      <Filter>Header Files</Filter>
    </ClInclude>
    <ClInclude Include="YCInstrument.h">
      <Filter>Header Files</Filter>
    </ClInclude>
    <ClInclude Include="VHW.h">
      <Filter>Header Files</Filter>
    </ClInclude>
    <ClInclude Include="SDEImp.h">
      <Filter>Header Files</Filter>
    </ClInclude>
    <ClInclude Include="BKImp.h">
      <Filter>Header Files</Filter>
    </ClInclude>
    <ClInclude Include="LVSurface.h">
      <Filter>Header Files</Filter>
    </ClInclude>
    <ClInclude Include="LVInterp.h">
      <Filter>Header Files</Filter>
    </ClInclude>
    <ClInclude Include="LVModel.h">
      <Filter>Header Files</Filter>
    </ClInclude>
    <ClInclude Include="ComponentStep.h">
      <Filter>Header Files</Filter>
    </ClInclude>
    <ClInclude Include="LVHWModel.h">
      <Filter>Header Files</Filter>
    </ClInclude>
    <ClInclude Include="Conventions.h">
      <Filter>Header Files</Filter>
    </ClInclude>
    <ClInclude Include="Swap.h">
      <Filter>Header Files</Filter>
    </ClInclude>
    <ClInclude Include="BasketMoments.h">
      <Filter>Header Files</Filter>
    </ClInclude>
    <ClInclude Include="Semianalytic.h">
      <Filter>Header Files</Filter>
    </ClInclude>
    <ClInclude Include="EquityOptionSemianalytic.h">
      <Filter>Header Files</Filter>
    </ClInclude>
    <ClInclude Include="EquityOption.h">
      <Filter>Header Files</Filter>
    </ClInclude>
    <ClInclude Include="SemianalyticComposite.h">
      <Filter>Header Files</Filter>
    </ClInclude>
    <ClInclude Include="BermudanSwaption.h">
      <Filter>Header Files</Filter>
    </ClInclude>
    <ClInclude Include="SwaptionCube.h">
      <Filter>Header Files</Filter>
    </ClInclude>
    <ClInclude Include="VHWCalibrate.h">
      <Filter>Header Files</Filter>
    </ClInclude>
    <ClInclude Include="Report.h">
      <Filter>Header Files</Filter>
    </ClInclude>
    <ClInclude Include="ReportUtils.h">
      <Filter>Header Files</Filter>
    </ClInclude>
    <ClInclude Include="Portfolio.h">
      <Filter>Header Files</Filter>
    </ClInclude>
    <ClInclude Include="Risk.h">
      <Filter>Header Files</Filter>
    </ClInclude>
    <ClInclude Include="SlideIR.h">
      <Filter>Header Files</Filter>
    </ClInclude>
    <ClInclude Include="Rootfind.h">
      <Filter>Header Files</Filter>
    </ClInclude>
    <ClInclude Include="VHWImp.h">
      <Filter>Header Files</Filter>
    </ClInclude>
    <ClInclude Include="YC.h">
      <Filter>Header Files</Filter>
    </ClInclude>
    <ClInclude Include="SDE.h">
      <Filter>Header Files</Filter>
    </ClInclude>
    <ClInclude Include="ValueRequest.h">
      <Filter>Header Files</Filter>
    </ClInclude>
    <ClInclude Include="Composite.h">
      <Filter>Header Files</Filter>
    </ClInclude>
    <ClInclude Include="__Platform.h">
      <Filter>Header Files</Filter>
    </ClInclude>
    <ClInclude Include="_Cookie.h">
      <Filter>Header Files</Filter>
    </ClInclude>
    <ClInclude Include="_Excel.h">
      <Filter>Header Files</Filter>
    </ClInclude>
    <ClInclude Include="YCComponent.h">
      <Filter>Header Files</Filter>
    </ClInclude>
    <ClInclude Include="BlockDiagonal.h">
      <Filter>Header Files</Filter>
    </ClInclude>
    <ClInclude Include="_Reader.h">
      <Filter>Header Files</Filter>
    </ClInclude>
    <ClInclude Include="Cholesky.h">
      <Filter>Header Files</Filter>
    </ClInclude>
    <ClInclude Include="Eispack.h">
      <Filter>Header Files</Filter>
    </ClInclude>
    <ClInclude Include="_JNI.h">
      <Filter>Header Files</Filter>
    </ClInclude>
    <ClInclude Include="StringUtils.h">
      <Filter>Header Files</Filter>
    </ClInclude>
    <ClInclude Include="DateTimeUtils.h">
      <Filter>Header Files</Filter>
    </ClInclude>
    <ClInclude Include="DateUtils.h">
      <Filter>Header Files</Filter>
    </ClInclude>
    <ClInclude Include="SwapMath.h">
      <Filter>Header Files</Filter>
    </ClInclude>
    <ClInclude Include="Smooth.h">
      <Filter>Header Files</Filter>
    </ClInclude>
    <ClInclude Include="JSON.h">
      <Filter>Header Files</Filter>
    </ClInclude>
    <ClInclude Include="EnumDict.h">
      <Filter>Header Files</Filter>
    </ClInclude>
    <ClInclude Include="FastGL.h">
      <Filter>Header Files</Filter>
    </ClInclude>
    <ClInclude Include="BFGS.h">
      <Filter>Header Files</Filter>
    </ClInclude>
    <ClInclude Include="Metropolis.h">
      <Filter>Header Files</Filter>
    </ClInclude>
    <ClInclude Include="_Python.h">
      <Filter>Header Files</Filter>
    </ClInclude>
  </ItemGroup>
  <ItemGroup>
    <ClCompile Include="XLCALL.cpp">
      <Filter>Source Files</Filter>
    </ClCompile>
    <ClCompile Include="Strings.cpp">
      <Filter>Source Files</Filter>
    </ClCompile>
    <ClCompile Include="Storable.cpp">
      <Filter>Source Files</Filter>
    </ClCompile>
    <ClCompile Include="Splat.cpp">
      <Filter>Source Files</Filter>
    </ClCompile>
    <ClCompile Include="SpecialFunctions.cpp">
      <Filter>Source Files</Filter>
    </ClCompile>
    <ClCompile Include="MatrixArithmetic.cpp">
      <Filter>Source Files</Filter>
    </ClCompile>
    <ClCompile Include="File.cpp">
      <Filter>Source Files</Filter>
    </ClCompile>
    <ClCompile Include="Dictionary.cpp">
      <Filter>Source Files</Filter>
    </ClCompile>
    <ClCompile Include="Cell.cpp">
      <Filter>Source Files</Filter>
    </ClCompile>
    <ClCompile Include="Date.cpp">
      <Filter>Source Files</Filter>
    </ClCompile>
    <ClCompile Include="DateTime.cpp">
      <Filter>Source Files</Filter>
    </ClCompile>
    <ClCompile Include="Exceptions.cpp">
      <Filter>Source Files</Filter>
    </ClCompile>
    <ClCompile Include="Interp.cpp">
      <Filter>Source Files</Filter>
    </ClCompile>
    <ClCompile Include="__Interp.cpp">
      <Filter>Source Files</Filter>
    </ClCompile>
    <ClCompile Include="_Excel.cpp">
      <Filter>Source Files</Filter>
    </ClCompile>
    <ClCompile Include="Environment.cpp">
      <Filter>Source Files</Filter>
    </ClCompile>
    <ClCompile Include="_Repository.cpp">
      <Filter>Source Files</Filter>
    </ClCompile>
    <ClCompile Include="__Repository.cpp">
      <Filter>Source Files</Filter>
    </ClCompile>
    <ClCompile Include="OptionType.cpp">
      <Filter>Source Files</Filter>
    </ClCompile>
    <ClCompile Include="MatrixUtils.cpp">
      <Filter>Source Files</Filter>
    </ClCompile>
    <ClCompile Include="Banded.cpp">
      <Filter>Source Files</Filter>
    </ClCompile>
    <ClCompile Include="Sparse.cpp">
      <Filter>Source Files</Filter>
    </ClCompile>
    <ClCompile Include="Decompositions.cpp">
      <Filter>Source Files</Filter>
    </ClCompile>
    <ClCompile Include="SLAP.cpp">
      <Filter>Source Files</Filter>
    </ClCompile>
    <ClCompile Include="BCG.cpp">
      <Filter>Source Files</Filter>
    </ClCompile>
    <ClCompile Include="DecompositionsMisc.cpp">
      <Filter>Source Files</Filter>
    </ClCompile>
    <ClCompile Include="Archive.cpp">
      <Filter>Source Files</Filter>
    </ClCompile>
    <ClCompile Include="Bag.cpp">
      <Filter>Source Files</Filter>
    </ClCompile>
    <ClCompile Include="Box.cpp">
      <Filter>Source Files</Filter>
    </ClCompile>
    <ClCompile Include="Audit.cpp">
      <Filter>Source Files</Filter>
    </ClCompile>
    <ClCompile Include="Globals.cpp">
      <Filter>Source Files</Filter>
    </ClCompile>
    <ClCompile Include="Host.cpp">
      <Filter>Source Files</Filter>
    </ClCompile>
    <ClCompile Include="InterpCubic.cpp">
      <Filter>Source Files</Filter>
    </ClCompile>
    <ClCompile Include="Underdetermined.cpp">
      <Filter>Source Files</Filter>
    </ClCompile>
    <ClCompile Include="Quadrature.cpp">
      <Filter>Source Files</Filter>
    </ClCompile>
    <ClCompile Include="DistributionUtils.cpp">
      <Filter>Source Files</Filter>
    </ClCompile>
    <ClCompile Include="DistributionBlack.cpp">
      <Filter>Source Files</Filter>
    </ClCompile>
    <ClCompile Include="Basket.cpp">
      <Filter>Source Files</Filter>
    </ClCompile>
    <ClCompile Include="Random.cpp">
      <Filter>Source Files</Filter>
    </ClCompile>
    <ClCompile Include="QuasiRandom.cpp">
      <Filter>Source Files</Filter>
    </ClCompile>
    <ClCompile Include="Sobol.cpp">
      <Filter>Source Files</Filter>
    </ClCompile>
    <ClCompile Include="NDArray.cpp">
      <Filter>Source Files</Filter>
    </ClCompile>
    <ClCompile Include="PDE.cpp">
      <Filter>Source Files</Filter>
    </ClCompile>
    <ClCompile Include="AMC.cpp">
      <Filter>Source Files</Filter>
    </ClCompile>
    <ClCompile Include="Vectors.cpp">
      <Filter>Source Files</Filter>
    </ClCompile>
    <ClCompile Include="DayBasis.cpp">
      <Filter>Source Files</Filter>
    </ClCompile>
    <ClCompile Include="Bus252.cpp">
      <Filter>Source Files</Filter>
    </ClCompile>
    <ClCompile Include="HolidayData.cpp">
      <Filter>Source Files</Filter>
    </ClCompile>
    <ClCompile Include="Holiday.cpp">
      <Filter>Source Files</Filter>
    </ClCompile>
    <ClCompile Include="Facts.cpp">
      <Filter>Source Files</Filter>
    </ClCompile>
    <ClCompile Include="Currency.cpp">
      <Filter>Source Files</Filter>
    </ClCompile>
    <ClCompile Include="CurrencyData.cpp">
      <Filter>Source Files</Filter>
    </ClCompile>
    <ClCompile Include="DateIncrement.cpp">
      <Filter>Source Files</Filter>
    </ClCompile>
    <ClCompile Include="LegParams.cpp">
      <Filter>Source Files</Filter>
    </ClCompile>
    <ClCompile Include="IndexParse.cpp">
      <Filter>Source Files</Filter>
    </ClCompile>
    <ClCompile Include="Index.cpp">
      <Filter>Source Files</Filter>
    </ClCompile>
    <ClCompile Include="Default.cpp">
      <Filter>Source Files</Filter>
    </ClCompile>
    <ClCompile Include="IndexComposite.cpp">
      <Filter>Source Files</Filter>
    </ClCompile>
    <ClCompile Include="Valuation.cpp">
      <Filter>Source Files</Filter>
    </ClCompile>
    <ClCompile Include="_Cookie.cpp">
      <Filter>Source Files</Filter>
    </ClCompile>
    <ClCompile Include="MC.cpp">
      <Filter>Source Files</Filter>
    </ClCompile>
    <ClCompile Include="IndexPath.cpp">
      <Filter>Source Files</Filter>
    </ClCompile>
    <ClCompile Include="Trade.cpp">
      <Filter>Source Files</Filter>
    </ClCompile>
    <ClCompile Include="CashTrade.cpp">
      <Filter>Source Files</Filter>
    </ClCompile>
    <ClCompile Include="Payout.cpp">
      <Filter>Source Files</Filter>
    </ClCompile>
    <ClCompile Include="PayoutEuropean.cpp">
      <Filter>Source Files</Filter>
    </ClCompile>
    <ClCompile Include="Payment.cpp">
      <Filter>Source Files</Filter>
    </ClCompile>
    <ClCompile Include="EquityTrade.cpp">
      <Filter>Source Files</Filter>
    </ClCompile>
    <ClCompile Include="IndexEquity.cpp">
      <Filter>Source Files</Filter>
    </ClCompile>
    <ClCompile Include="FxTrade.cpp">
      <Filter>Source Files</Filter>
    </ClCompile>
    <ClCompile Include="ReceivePay.cpp">
      <Filter>Source Files</Filter>
    </ClCompile>
    <ClCompile Include="LegBased.cpp">
      <Filter>Source Files</Filter>
    </ClCompile>
    <ClCompile Include="LegTrade.cpp">
      <Filter>Source Files</Filter>
    </ClCompile>
    <ClCompile Include="TradeAmount.cpp">
      <Filter>Source Files</Filter>
    </ClCompile>
    <ClCompile Include="BuySell.cpp">
      <Filter>Source Files</Filter>
    </ClCompile>
    <ClCompile Include="Cap.cpp">
      <Filter>Source Files</Filter>
    </ClCompile>
    <ClCompile Include="Swaption.cpp">
      <Filter>Source Files</Filter>
    </ClCompile>
    <ClCompile Include="TradeComposite.cpp">
      <Filter>Source Files</Filter>
    </ClCompile>
    <ClCompile Include="PiecewiseLinear.cpp">
      <Filter>Source Files</Filter>
    </ClCompile>
    <ClCompile Include="PiecewiseConstant.cpp">
      <Filter>Source Files</Filter>
    </ClCompile>
    <ClCompile Include="CollateralType.cpp">
      <Filter>Source Files</Filter>
    </ClCompile>
    <ClCompile Include="VHWImp.cpp">
      <Filter>Source Files</Filter>
    </ClCompile>
    <ClCompile Include="VHW.cpp">
      <Filter>Source Files</Filter>
    </ClCompile>
    <ClCompile Include="SDEImp.cpp">
      <Filter>Source Files</Filter>
    </ClCompile>
    <ClCompile Include="LVInterp.cpp">
      <Filter>Source Files</Filter>
    </ClCompile>
    <ClCompile Include="LVModel.cpp">
      <Filter>Source Files</Filter>
    </ClCompile>
    <ClCompile Include="LVHWModel.cpp">
      <Filter>Source Files</Filter>
    </ClCompile>
    <ClCompile Include="PeriodLength.cpp">
      <Filter>Source Files</Filter>
    </ClCompile>
    <ClCompile Include="IndexIR.cpp">
      <Filter>Source Files</Filter>
    </ClCompile>
    <ClCompile Include="Conventions.cpp">
      <Filter>Source Files</Filter>
    </ClCompile>
    <ClCompile Include="Swap.cpp">
      <Filter>Source Files</Filter>
    </ClCompile>
    <ClCompile Include="AccrualPeriod.cpp">
      <Filter>Source Files</Filter>
    </ClCompile>
    <ClCompile Include="CouponRate.cpp">
      <Filter>Source Files</Filter>
    </ClCompile>
    <ClCompile Include="BasketMoments.cpp">
      <Filter>Source Files</Filter>
    </ClCompile>
    <ClCompile Include="EquityOptionSemianalytic.cpp">
      <Filter>Source Files</Filter>
    </ClCompile>
    <ClCompile Include="Semianalytic.cpp">
      <Filter>Source Files</Filter>
    </ClCompile>
    <ClCompile Include="SemianalyticComposite.cpp">
      <Filter>Source Files</Filter>
    </ClCompile>
    <ClCompile Include="SwaptionCube.cpp">
      <Filter>Source Files</Filter>
    </ClCompile>
    <ClCompile Include="ValuationMethod.cpp">
      <Filter>Source Files</Filter>
    </ClCompile>
    <ClCompile Include="Report.cpp">
      <Filter>Source Files</Filter>
    </ClCompile>
    <ClCompile Include="Model.cpp">
      <Filter>Source Files</Filter>
    </ClCompile>
    <ClCompile Include="VHWCalibrate.cpp">
      <Filter>Source Files</Filter>
    </ClCompile>
    <ClCompile Include="Rootfind.cpp">
      <Filter>Source Files</Filter>
    </ClCompile>
    <ClCompile Include="__Box.cpp">
      <Filter>Source Files</Filter>
    </ClCompile>
    <ClCompile Include="__Bag.cpp">
      <Filter>Source Files</Filter>
    </ClCompile>
    <ClCompile Include="__Splat.cpp">
      <Filter>Source Files</Filter>
    </ClCompile>
    <ClCompile Include="__Globals.cpp">
      <Filter>Source Files</Filter>
    </ClCompile>
    <ClCompile Include="LegSchedule.cpp">
      <Filter>Source Files</Filter>
    </ClCompile>
    <ClCompile Include="IndexFX.cpp">
      <Filter>Source Files</Filter>
    </ClCompile>
    <ClCompile Include="YC.cpp">
      <Filter>Source Files</Filter>
    </ClCompile>
    <ClCompile Include="YCImp.cpp">
      <Filter>Source Files</Filter>
    </ClCompile>
    <ClCompile Include="YCInstrument.cpp">
      <Filter>Source Files</Filter>
    </ClCompile>
    <ClCompile Include="Portfolio.cpp">
      <Filter>Source Files</Filter>
    </ClCompile>
    <ClCompile Include="Risk.cpp">
      <Filter>Source Files</Filter>
    </ClCompile>
    <ClCompile Include="SlideIR.cpp">
      <Filter>Source Files</Filter>
    </ClCompile>
    <ClCompile Include="__EDISON.cpp">
      <Filter>Source Files</Filter>
    </ClCompile>
    <ClCompile Include="BackwardInduction.cpp">
      <Filter>Source Files</Filter>
    </ClCompile>
    <ClCompile Include="Underlying.cpp">
      <Filter>Source Files</Filter>
    </ClCompile>
    <ClCompile Include="Discount.cpp">
      <Filter>Source Files</Filter>
    </ClCompile>
    <ClCompile Include="Cholesky.cpp">
      <Filter>Source Files</Filter>
    </ClCompile>
    <ClCompile Include="__Sparse.cpp">
      <Filter>Source Files</Filter>
    </ClCompile>
    <ClCompile Include="__Date.cpp">
      <Filter>Source Files</Filter>
    </ClCompile>
    <ClCompile Include="YCComponent.cpp">
      <Filter>Source Files</Filter>
    </ClCompile>
    <ClCompile Include="Eispack.cpp">
      <Filter>Source Files</Filter>
    </ClCompile>
    <ClCompile Include="__Decompositions.cpp">
      <Filter>Source Files</Filter>
    </ClCompile>
    <ClCompile Include="_JNI.cpp">
      <Filter>Source Files</Filter>
    </ClCompile>
    <ClCompile Include="Numerics.cpp">
      <Filter>Source Files</Filter>
    </ClCompile>
    <ClCompile Include="StringUtils.cpp">
      <Filter>Source Files</Filter>
    </ClCompile>
    <ClCompile Include="DateTimeUtils.cpp">
      <Filter>Source Files</Filter>
    </ClCompile>
    <ClCompile Include="DateUtils.cpp">
      <Filter>Source Files</Filter>
    </ClCompile>
    <ClCompile Include="SwapMath.cpp">
      <Filter>Source Files</Filter>
    </ClCompile>
    <ClCompile Include="Smooth.cpp">
      <Filter>Source Files</Filter>
    </ClCompile>
    <ClCompile Include="__Price.cpp">
      <Filter>Source Files</Filter>
    </ClCompile>
    <ClCompile Include="__Test.cpp">
      <Filter>Source Files</Filter>
    </ClCompile>
    <ClCompile Include="__Utils.cpp">
      <Filter>Source Files</Filter>
    </ClCompile>
    <ClCompile Include="CellUtils.cpp">
      <Filter>Source Files</Filter>
    </ClCompile>
    <ClCompile Include="JSON.cpp">
      <Filter>Source Files</Filter>
    </ClCompile>
    <ClCompile Include="__Fixings.cpp">
      <Filter>Source Files</Filter>
    </ClCompile>
    <ClCompile Include="FastGL.cpp">
      <Filter>Source Files</Filter>
    </ClCompile>
    <ClCompile Include="Fixings.cpp">
      <Filter>Source Files</Filter>
    </ClCompile>
    <ClCompile Include="__Willow.cpp">
      <Filter>Source Files</Filter>
    </ClCompile>
    <ClCompile Include="BFGS.cpp">
      <Filter>Source Files</Filter>
    </ClCompile>
    <ClCompile Include="_Python.cpp">
      <Filter>Source Files</Filter>
    </ClCompile>
  </ItemGroup>
</Project>